
Microsoft Visual Studio Solution File, Format Version 12.00
# Visual Studio 15
VisualStudioVersion = 15.0.27703.2042
MinimumVisualStudioVersion = 10.0.40219.1
Project("{FAE04EC0-301F-11D3-BF4B-00C04F79EFBC}") = "TaskChain", "TaskChain\TaskChain.csproj", "{6049E665-5BD8-4AE6-8D58-55BFE591FAC7}"
EndProject
Project("{FAE04EC0-301F-11D3-BF4B-00C04F79EFBC}") = "TaskChain.Test", "TaskChain.Test\TaskChain.Test.csproj", "{99811FD4-55CE-43B6-86F6-BC15F3D62EE3}"
EndProject
Global
	GlobalSection(SolutionConfigurationPlatforms) = preSolution
		Debug|Any CPU = Debug|Any CPU
		Release|Any CPU = Release|Any CPU
	EndGlobalSection
	GlobalSection(ProjectConfigurationPlatforms) = postSolution
		{6049E665-5BD8-4AE6-8D58-55BFE591FAC7}.Debug|Any CPU.ActiveCfg = Debug|Any CPU
		{6049E665-5BD8-4AE6-8D58-55BFE591FAC7}.Debug|Any CPU.Build.0 = Debug|Any CPU
		{6049E665-5BD8-4AE6-8D58-55BFE591FAC7}.Release|Any CPU.ActiveCfg = Release|Any CPU
		{6049E665-5BD8-4AE6-8D58-55BFE591FAC7}.Release|Any CPU.Build.0 = Release|Any CPU
		{99811FD4-55CE-43B6-86F6-BC15F3D62EE3}.Debug|Any CPU.ActiveCfg = Debug|Any CPU
		{99811FD4-55CE-43B6-86F6-BC15F3D62EE3}.Debug|Any CPU.Build.0 = Debug|Any CPU
		{99811FD4-55CE-43B6-86F6-BC15F3D62EE3}.Release|Any CPU.ActiveCfg = Release|Any CPU
		{99811FD4-55CE-43B6-86F6-BC15F3D62EE3}.Release|Any CPU.Build.0 = Release|Any CPU
	EndGlobalSection
	GlobalSection(SolutionProperties) = preSolution
		HideSolutionNode = FALSE
	EndGlobalSection
	GlobalSection(ExtensibilityGlobals) = postSolution
		SolutionGuid = {53065054-8E6B-48BE-974B-8BA2B46B7CFF}
	EndGlobalSection
EndGlobal
